// !$*UTF8*$!
{
	archiveVersion = 1;
	classes = {
	};
	objectVersion = 46;
	objects = {

/* Begin PBXBuildFile section */
		7835BC931414C68000CC4B56 /* Versioning.h in Headers */ = {isa = PBXBuildFile; fileRef = 7835BC911414C68000CC4B56 /* Versioning.h */; settings = {ATTRIBUTES = (Public, ); }; };
		7835BC941414C68000CC4B56 /* Versioning.m in Sources */ = {isa = PBXBuildFile; fileRef = 7835BC921414C68000CC4B56 /* Versioning.m */; };
		788B4D56177CD66D00954A14 /* ActiveSupport.framework in Frameworks */ = {isa = PBXBuildFile; fileRef = 788B4D4E177CD5FF00954A14 /* ActiveSupport.framework */; };
		78A36DA2140D1EB000E48D11 /* InfoPlist.strings in Resources */ = {isa = PBXBuildFile; fileRef = 78A36DA0140D1EB000E48D11 /* InfoPlist.strings */; };
		78A36DAE140D1EB100E48D11 /* SenTestingKit.framework in Frameworks */ = {isa = PBXBuildFile; fileRef = 78A36DAD140D1EB100E48D11 /* SenTestingKit.framework */; };
		78A36DB2140D1EB100E48D11 /* ActiveModel.framework in Frameworks */ = {isa = PBXBuildFile; fileRef = 78A36D94140D1EB000E48D11 /* ActiveModel.framework */; };
		78A36DB8140D1EB100E48D11 /* InfoPlist.strings in Resources */ = {isa = PBXBuildFile; fileRef = 78A36DB6140D1EB100E48D11 /* InfoPlist.strings */; };
		78A36DBA140D1EB100E48D11 /* ActiveModelTests.h in Resources */ = {isa = PBXBuildFile; fileRef = 78A36DB9140D1EB100E48D11 /* ActiveModelTests.h */; };
		78A36DBC140D1EB100E48D11 /* ActiveModelTests.m in Sources */ = {isa = PBXBuildFile; fileRef = 78A36DBB140D1EB100E48D11 /* ActiveModelTests.m */; };
		78A36DC9140D1F2000E48D11 /* ActiveModel.h in Headers */ = {isa = PBXBuildFile; fileRef = 78A36DC8140D1F2000E48D11 /* ActiveModel.h */; settings = {ATTRIBUTES = (Public, ); }; };
		78A36DCD140D1F5400E48D11 /* AMName.h in Headers */ = {isa = PBXBuildFile; fileRef = 78A36DCB140D1F5400E48D11 /* AMName.h */; settings = {ATTRIBUTES = (Public, ); }; };
		78A36DCE140D1F5400E48D11 /* AMName.m in Sources */ = {isa = PBXBuildFile; fileRef = 78A36DCC140D1F5400E48D11 /* AMName.m */; };
		78A6F0EF14D692D2002F965B /* AMName+Private.h in Headers */ = {isa = PBXBuildFile; fileRef = 78A6F0ED14D692D2002F965B /* AMName+Private.h */; };
		78A6F0F114D692D2002F965B /* AMName+Private.m in Sources */ = {isa = PBXBuildFile; fileRef = 78A6F0EE14D692D2002F965B /* AMName+Private.m */; };
		78BF7F3F1416480E00DB0DEA /* Foundation.framework in Frameworks */ = {isa = PBXBuildFile; fileRef = 78BF7F17141646A500DB0DEA /* Foundation.framework */; };
		78BF7F401416480F00DB0DEA /* Foundation.framework in Frameworks */ = {isa = PBXBuildFile; fileRef = 78BF7F17141646A500DB0DEA /* Foundation.framework */; };
		78F526DD1458779400C1C0E1 /* AMJSONSerializers.h in Headers */ = {isa = PBXBuildFile; fileRef = 78F526DB1458779400C1C0E1 /* AMJSONSerializers.h */; settings = {ATTRIBUTES = (Public, ); }; };
		78F526DF1458779400C1C0E1 /* AMJSONSerializers.m in Sources */ = {isa = PBXBuildFile; fileRef = 78F526DC1458779400C1C0E1 /* AMJSONSerializers.m */; };
		78F526F714587A7E00C1C0E1 /* AMAttributeMethods.h in Headers */ = {isa = PBXBuildFile; fileRef = 78F526F614587A7E00C1C0E1 /* AMAttributeMethods.h */; settings = {ATTRIBUTES = (Public, ); }; };
		78F526FB14587BB100C1C0E1 /* AMSerialization.h in Headers */ = {isa = PBXBuildFile; fileRef = 78F526F914587BB100C1C0E1 /* AMSerialization.h */; settings = {ATTRIBUTES = (Public, ); }; };
		78F526FD14587BB100C1C0E1 /* AMSerialization.m in Sources */ = {isa = PBXBuildFile; fileRef = 78F526FA14587BB100C1C0E1 /* AMSerialization.m */; };
/* End PBXBuildFile section */

/* Begin PBXContainerItemProxy section */
		788B4D4D177CD5FF00954A14 /* PBXContainerItemProxy */ = {
			isa = PBXContainerItemProxy;
			containerPortal = 78331D00140FB08600EE59E1 /* ActiveSupportKit.xcodeproj */;
			proxyType = 2;
			remoteGlobalIDString = 783545EB13EA64C50049385C;
			remoteInfo = ActiveSupport;
		};
		788B4D4F177CD5FF00954A14 /* PBXContainerItemProxy */ = {
			isa = PBXContainerItemProxy;
			containerPortal = 78331D00140FB08600EE59E1 /* ActiveSupportKit.xcodeproj */;
			proxyType = 2;
			remoteGlobalIDString = 7835460313EA64C50049385C;
			remoteInfo = ActiveSupportTests;
		};
		788B4D52177CD66200954A14 /* PBXContainerItemProxy */ = {
			isa = PBXContainerItemProxy;
			containerPortal = 78331D00140FB08600EE59E1 /* ActiveSupportKit.xcodeproj */;
			proxyType = 1;
			remoteGlobalIDString = 783545EA13EA64C50049385C;
			remoteInfo = ActiveSupport;
		};
		78A36DB0140D1EB100E48D11 /* PBXContainerItemProxy */ = {
			isa = PBXContainerItemProxy;
			containerPortal = 78A36D8A140D1EB000E48D11 /* Project object */;
			proxyType = 1;
			remoteGlobalIDString = 78A36D93140D1EB000E48D11;
			remoteInfo = ActiveModelKit;
		};
/* End PBXContainerItemProxy section */

/* Begin PBXFileReference section */
		78331D00140FB08600EE59E1 /* ActiveSupportKit.xcodeproj */ = {isa = PBXFileReference; lastKnownFileType = "wrapper.pb-project"; name = ActiveSupportKit.xcodeproj; path = ../ActiveSupport/ActiveSupportKit.xcodeproj; sourceTree = "<group>"; };
		7835BC911414C68000CC4B56 /* Versioning.h */ = {isa = PBXFileReference; fileEncoding = 4; lastKnownFileType = sourcecode.c.h; path = Versioning.h; sourceTree = "<group>"; };
		7835BC921414C68000CC4B56 /* Versioning.m */ = {isa = PBXFileReference; fileEncoding = 4; lastKnownFileType = sourcecode.c.objc; path = Versioning.m; sourceTree = "<group>"; };
		78A36D94140D1EB000E48D11 /* ActiveModel.framework */ = {isa = PBXFileReference; explicitFileType = wrapper.framework; includeInIndex = 0; path = ActiveModel.framework; sourceTree = BUILT_PRODUCTS_DIR; };
		78A36D9F140D1EB000E48D11 /* ActiveModel-Info.plist */ = {isa = PBXFileReference; lastKnownFileType = text.plist.xml; path = "ActiveModel-Info.plist"; sourceTree = "<group>"; };
		78A36DA1140D1EB000E48D11 /* en */ = {isa = PBXFileReference; lastKnownFileType = text.plist.strings; name = en; path = en.lproj/InfoPlist.strings; sourceTree = "<group>"; };
		78A36DA3140D1EB000E48D11 /* ActiveModel-Prefix.pch */ = {isa = PBXFileReference; lastKnownFileType = sourcecode.c.h; path = "ActiveModel-Prefix.pch"; sourceTree = "<group>"; };
		78A36DAC140D1EB100E48D11 /* ActiveModelTests.octest */ = {isa = PBXFileReference; explicitFileType = wrapper.cfbundle; includeInIndex = 0; path = ActiveModelTests.octest; sourceTree = BUILT_PRODUCTS_DIR; };
		78A36DAD140D1EB100E48D11 /* SenTestingKit.framework */ = {isa = PBXFileReference; lastKnownFileType = wrapper.framework; name = SenTestingKit.framework; path = Library/Frameworks/SenTestingKit.framework; sourceTree = DEVELOPER_DIR; };
		78A36DB5140D1EB100E48D11 /* ActiveModelTests-Info.plist */ = {isa = PBXFileReference; lastKnownFileType = text.plist.xml; path = "ActiveModelTests-Info.plist"; sourceTree = "<group>"; };
		78A36DB7140D1EB100E48D11 /* en */ = {isa = PBXFileReference; lastKnownFileType = text.plist.strings; name = en; path = en.lproj/InfoPlist.strings; sourceTree = "<group>"; };
		78A36DB9140D1EB100E48D11 /* ActiveModelTests.h */ = {isa = PBXFileReference; lastKnownFileType = sourcecode.c.h; path = ActiveModelTests.h; sourceTree = "<group>"; };
		78A36DBB140D1EB100E48D11 /* ActiveModelTests.m */ = {isa = PBXFileReference; lastKnownFileType = sourcecode.c.objc; path = ActiveModelTests.m; sourceTree = "<group>"; };
		78A36DC8140D1F2000E48D11 /* ActiveModel.h */ = {isa = PBXFileReference; fileEncoding = 4; lastKnownFileType = sourcecode.c.h; path = ActiveModel.h; sourceTree = "<group>"; };
		78A36DCB140D1F5400E48D11 /* AMName.h */ = {isa = PBXFileReference; fileEncoding = 4; lastKnownFileType = sourcecode.c.h; path = AMName.h; sourceTree = "<group>"; };
		78A36DCC140D1F5400E48D11 /* AMName.m */ = {isa = PBXFileReference; fileEncoding = 4; lastKnownFileType = sourcecode.c.objc; path = AMName.m; sourceTree = "<group>"; };
		78A6F0ED14D692D2002F965B /* AMName+Private.h */ = {isa = PBXFileReference; fileEncoding = 4; lastKnownFileType = sourcecode.c.h; path = "AMName+Private.h"; sourceTree = "<group>"; };
		78A6F0EE14D692D2002F965B /* AMName+Private.m */ = {isa = PBXFileReference; fileEncoding = 4; lastKnownFileType = sourcecode.c.objc; path = "AMName+Private.m"; sourceTree = "<group>"; };
		78BF7F17141646A500DB0DEA /* Foundation.framework */ = {isa = PBXFileReference; lastKnownFileType = wrapper.framework; name = Foundation.framework; path = System/Library/Frameworks/Foundation.framework; sourceTree = SDKROOT; };
		78F526DB1458779400C1C0E1 /* AMJSONSerializers.h */ = {isa = PBXFileReference; fileEncoding = 4; lastKnownFileType = sourcecode.c.h; path = AMJSONSerializers.h; sourceTree = "<group>"; };
		78F526DC1458779400C1C0E1 /* AMJSONSerializers.m */ = {isa = PBXFileReference; fileEncoding = 4; lastKnownFileType = sourcecode.c.objc; path = AMJSONSerializers.m; sourceTree = "<group>"; };
		78F526F614587A7E00C1C0E1 /* AMAttributeMethods.h */ = {isa = PBXFileReference; fileEncoding = 4; lastKnownFileType = sourcecode.c.h; path = AMAttributeMethods.h; sourceTree = "<group>"; };
		78F526F914587BB100C1C0E1 /* AMSerialization.h */ = {isa = PBXFileReference; fileEncoding = 4; lastKnownFileType = sourcecode.c.h; path = AMSerialization.h; sourceTree = "<group>"; };
		78F526FA14587BB100C1C0E1 /* AMSerialization.m */ = {isa = PBXFileReference; fileEncoding = 4; lastKnownFileType = sourcecode.c.objc; path = AMSerialization.m; sourceTree = "<group>"; };
/* End PBXFileReference section */

/* Begin PBXFrameworksBuildPhase section */
		78A36D90140D1EB000E48D11 /* Frameworks */ = {
			isa = PBXFrameworksBuildPhase;
			buildActionMask = 2147483647;
			files = (
				788B4D56177CD66D00954A14 /* ActiveSupport.framework in Frameworks */,
				78BF7F3F1416480E00DB0DEA /* Foundation.framework in Frameworks */,
			);
			runOnlyForDeploymentPostprocessing = 0;
		};
		78A36DA8140D1EB100E48D11 /* Frameworks */ = {
			isa = PBXFrameworksBuildPhase;
			buildActionMask = 2147483647;
			files = (
				78A36DAE140D1EB100E48D11 /* SenTestingKit.framework in Frameworks */,
				78A36DB2140D1EB100E48D11 /* ActiveModel.framework in Frameworks */,
				78BF7F401416480F00DB0DEA /* Foundation.framework in Frameworks */,
			);
			runOnlyForDeploymentPostprocessing = 0;
		};
/* End PBXFrameworksBuildPhase section */

/* Begin PBXGroup section */
		788B4D49177CD5FF00954A14 /* Products */ = {
			isa = PBXGroup;
			children = (
				788B4D4E177CD5FF00954A14 /* ActiveSupport.framework */,
				788B4D50177CD5FF00954A14 /* ActiveSupportTests.octest */,
			);
			name = Products;
			sourceTree = "<group>";
		};
		78A36D88140D1EB000E48D11 = {
			isa = PBXGroup;
			children = (
				78331D00140FB08600EE59E1 /* ActiveSupportKit.xcodeproj */,
				78A36D9D140D1EB000E48D11 /* ActiveModel */,
				78A36DB3140D1EB100E48D11 /* ActiveModelTests */,
				78A36D96140D1EB000E48D11 /* Frameworks */,
				78A36D95140D1EB000E48D11 /* Products */,
			);
			sourceTree = "<group>";
		};
		78A36D95140D1EB000E48D11 /* Products */ = {
			isa = PBXGroup;
			children = (
				78A36D94140D1EB000E48D11 /* ActiveModel.framework */,
				78A36DAC140D1EB100E48D11 /* ActiveModelTests.octest */,
			);
			name = Products;
			sourceTree = "<group>";
		};
		78A36D96140D1EB000E48D11 /* Frameworks */ = {
			isa = PBXGroup;
			children = (
				78A36DAD140D1EB100E48D11 /* SenTestingKit.framework */,
				78BF7F17141646A500DB0DEA /* Foundation.framework */,
				78A36D99140D1EB000E48D11 /* Other Frameworks */,
			);
			name = Frameworks;
			sourceTree = "<group>";
		};
		78A36D99140D1EB000E48D11 /* Other Frameworks */ = {
			isa = PBXGroup;
			children = (
			);
			name = "Other Frameworks";
			sourceTree = "<group>";
		};
		78A36D9D140D1EB000E48D11 /* ActiveModel */ = {
			isa = PBXGroup;
			children = (
				78A36DC8140D1F2000E48D11 /* ActiveModel.h */,
				78A36DCB140D1F5400E48D11 /* AMName.h */,
				78A36DCC140D1F5400E48D11 /* AMName.m */,
				78A6F0ED14D692D2002F965B /* AMName+Private.h */,
				78A6F0EE14D692D2002F965B /* AMName+Private.m */,
				78F526F614587A7E00C1C0E1 /* AMAttributeMethods.h */,
				78F526F914587BB100C1C0E1 /* AMSerialization.h */,
				78F526FA14587BB100C1C0E1 /* AMSerialization.m */,
				78F526DB1458779400C1C0E1 /* AMJSONSerializers.h */,
				78F526DC1458779400C1C0E1 /* AMJSONSerializers.m */,
				78A36D9E140D1EB000E48D11 /* Supporting Files */,
			);
			path = ActiveModel;
			sourceTree = "<group>";
		};
		78A36D9E140D1EB000E48D11 /* Supporting Files */ = {
			isa = PBXGroup;
			children = (
				78A36D9F140D1EB000E48D11 /* ActiveModel-Info.plist */,
				78A36DA0140D1EB000E48D11 /* InfoPlist.strings */,
				78A36DA3140D1EB000E48D11 /* ActiveModel-Prefix.pch */,
				7835BC911414C68000CC4B56 /* Versioning.h */,
				7835BC921414C68000CC4B56 /* Versioning.m */,
			);
			name = "Supporting Files";
			sourceTree = "<group>";
		};
		78A36DB3140D1EB100E48D11 /* ActiveModelTests */ = {
			isa = PBXGroup;
			children = (
				78A36DB9140D1EB100E48D11 /* ActiveModelTests.h */,
				78A36DBB140D1EB100E48D11 /* ActiveModelTests.m */,
				78A36DB4140D1EB100E48D11 /* Supporting Files */,
			);
			path = ActiveModelTests;
			sourceTree = "<group>";
		};
		78A36DB4140D1EB100E48D11 /* Supporting Files */ = {
			isa = PBXGroup;
			children = (
				78A36DB5140D1EB100E48D11 /* ActiveModelTests-Info.plist */,
				78A36DB6140D1EB100E48D11 /* InfoPlist.strings */,
			);
			name = "Supporting Files";
			sourceTree = "<group>";
		};
/* End PBXGroup section */

/* Begin PBXHeadersBuildPhase section */
		78A36D91140D1EB000E48D11 /* Headers */ = {
			isa = PBXHeadersBuildPhase;
			buildActionMask = 2147483647;
			files = (
				78A36DC9140D1F2000E48D11 /* ActiveModel.h in Headers */,
				78A36DCD140D1F5400E48D11 /* AMName.h in Headers */,
				7835BC931414C68000CC4B56 /* Versioning.h in Headers */,
				78F526DD1458779400C1C0E1 /* AMJSONSerializers.h in Headers */,
				78F526F714587A7E00C1C0E1 /* AMAttributeMethods.h in Headers */,
				78F526FB14587BB100C1C0E1 /* AMSerialization.h in Headers */,
				78A6F0EF14D692D2002F965B /* AMName+Private.h in Headers */,
			);
			runOnlyForDeploymentPostprocessing = 0;
		};
/* End PBXHeadersBuildPhase section */

/* Begin PBXNativeTarget section */
		78A36D93140D1EB000E48D11 /* ActiveModel */ = {
			isa = PBXNativeTarget;
			buildConfigurationList = 78A36DBF140D1EB100E48D11 /* Build configuration list for PBXNativeTarget "ActiveModel" */;
			buildPhases = (
				78A36D8F140D1EB000E48D11 /* Sources */,
				78A36D90140D1EB000E48D11 /* Frameworks */,
				78A36D91140D1EB000E48D11 /* Headers */,
				78A36D92140D1EB000E48D11 /* Resources */,
			);
			buildRules = (
			);
			dependencies = (
				788B4D53177CD66200954A14 /* PBXTargetDependency */,
			);
			name = ActiveModel;
			productName = ActiveModelKit;
			productReference = 78A36D94140D1EB000E48D11 /* ActiveModel.framework */;
			productType = "com.apple.product-type.framework";
		};
		78A36DAB140D1EB100E48D11 /* ActiveModelTests */ = {
			isa = PBXNativeTarget;
			buildConfigurationList = 78A36DC2140D1EB100E48D11 /* Build configuration list for PBXNativeTarget "ActiveModelTests" */;
			buildPhases = (
				78A36DA7140D1EB100E48D11 /* Sources */,
				78A36DA8140D1EB100E48D11 /* Frameworks */,
				78A36DA9140D1EB100E48D11 /* Resources */,
				78A36DAA140D1EB100E48D11 /* ShellScript */,
			);
			buildRules = (
			);
			dependencies = (
				78A36DB1140D1EB100E48D11 /* PBXTargetDependency */,
			);
			name = ActiveModelTests;
			productName = ActiveModelKitTests;
			productReference = 78A36DAC140D1EB100E48D11 /* ActiveModelTests.octest */;
			productType = "com.apple.product-type.bundle";
		};
/* End PBXNativeTarget section */

/* Begin PBXProject section */
		78A36D8A140D1EB000E48D11 /* Project object */ = {
			isa = PBXProject;
			attributes = {
				LastUpgradeCheck = 0460;
				ORGANIZATIONNAME = "Pioneering Software, United Kingdom";
			};
			buildConfigurationList = 78A36D8D140D1EB000E48D11 /* Build configuration list for PBXProject "ActiveModelKit" */;
			compatibilityVersion = "Xcode 3.2";
			developmentRegion = English;
			hasScannedForEncodings = 0;
			knownRegions = (
				en,
			);
			mainGroup = 78A36D88140D1EB000E48D11;
			productRefGroup = 78A36D95140D1EB000E48D11 /* Products */;
			projectDirPath = "";
			projectReferences = (
				{
					ProductGroup = 788B4D49177CD5FF00954A14 /* Products */;
					ProjectRef = 78331D00140FB08600EE59E1 /* ActiveSupportKit.xcodeproj */;
				},
			);
			projectRoot = "";
			targets = (
				78A36D93140D1EB000E48D11 /* ActiveModel */,
				78A36DAB140D1EB100E48D11 /* ActiveModelTests */,
			);
		};
/* End PBXProject section */

/* Begin PBXReferenceProxy section */
		788B4D4E177CD5FF00954A14 /* ActiveSupport.framework */ = {
			isa = PBXReferenceProxy;
			fileType = wrapper.framework;
			path = ActiveSupport.framework;
			remoteRef = 788B4D4D177CD5FF00954A14 /* PBXContainerItemProxy */;
			sourceTree = BUILT_PRODUCTS_DIR;
		};
		788B4D50177CD5FF00954A14 /* ActiveSupportTests.octest */ = {
			isa = PBXReferenceProxy;
			fileType = wrapper.cfbundle;
			path = ActiveSupportTests.octest;
			remoteRef = 788B4D4F177CD5FF00954A14 /* PBXContainerItemProxy */;
			sourceTree = BUILT_PRODUCTS_DIR;
		};
/* End PBXReferenceProxy section */

/* Begin PBXResourcesBuildPhase section */
		78A36D92140D1EB000E48D11 /* Resources */ = {
			isa = PBXResourcesBuildPhase;
			buildActionMask = 2147483647;
			files = (
				78A36DA2140D1EB000E48D11 /* InfoPlist.strings in Resources */,
			);
			runOnlyForDeploymentPostprocessing = 0;
		};
		78A36DA9140D1EB100E48D11 /* Resources */ = {
			isa = PBXResourcesBuildPhase;
			buildActionMask = 2147483647;
			files = (
				78A36DB8140D1EB100E48D11 /* InfoPlist.strings in Resources */,
				78A36DBA140D1EB100E48D11 /* ActiveModelTests.h in Resources */,
			);
			runOnlyForDeploymentPostprocessing = 0;
		};
/* End PBXResourcesBuildPhase section */

/* Begin PBXShellScriptBuildPhase section */
		78A36DAA140D1EB100E48D11 /* ShellScript */ = {
			isa = PBXShellScriptBuildPhase;
			buildActionMask = 2147483647;
			files = (
			);
			inputPaths = (
			);
			outputPaths = (
			);
			runOnlyForDeploymentPostprocessing = 0;
			shellPath = /bin/sh;
			shellScript = "# Run the unit tests in this test bundle.\n\"${SYSTEM_DEVELOPER_DIR}/Tools/RunUnitTests\"\n";
		};
/* End PBXShellScriptBuildPhase section */

/* Begin PBXSourcesBuildPhase section */
		78A36D8F140D1EB000E48D11 /* Sources */ = {
			isa = PBXSourcesBuildPhase;
			buildActionMask = 2147483647;
			files = (
				78A36DCE140D1F5400E48D11 /* AMName.m in Sources */,
				7835BC941414C68000CC4B56 /* Versioning.m in Sources */,
				78F526DF1458779400C1C0E1 /* AMJSONSerializers.m in Sources */,
				78F526FD14587BB100C1C0E1 /* AMSerialization.m in Sources */,
				78A6F0F114D692D2002F965B /* AMName+Private.m in Sources */,
			);
			runOnlyForDeploymentPostprocessing = 0;
		};
		78A36DA7140D1EB100E48D11 /* Sources */ = {
			isa = PBXSourcesBuildPhase;
			buildActionMask = 2147483647;
			files = (
				78A36DBC140D1EB100E48D11 /* ActiveModelTests.m in Sources */,
			);
			runOnlyForDeploymentPostprocessing = 0;
		};
/* End PBXSourcesBuildPhase section */

/* Begin PBXTargetDependency section */
		788B4D53177CD66200954A14 /* PBXTargetDependency */ = {
			isa = PBXTargetDependency;
			name = ActiveSupport;
			targetProxy = 788B4D52177CD66200954A14 /* PBXContainerItemProxy */;
		};
		78A36DB1140D1EB100E48D11 /* PBXTargetDependency */ = {
			isa = PBXTargetDependency;
			target = 78A36D93140D1EB000E48D11 /* ActiveModel */;
			targetProxy = 78A36DB0140D1EB100E48D11 /* PBXContainerItemProxy */;
		};
/* End PBXTargetDependency section */

/* Begin PBXVariantGroup section */
		78A36DA0140D1EB000E48D11 /* InfoPlist.strings */ = {
			isa = PBXVariantGroup;
			children = (
				78A36DA1140D1EB000E48D11 /* en */,
			);
			name = InfoPlist.strings;
			sourceTree = "<group>";
		};
		78A36DB6140D1EB100E48D11 /* InfoPlist.strings */ = {
			isa = PBXVariantGroup;
			children = (
				78A36DB7140D1EB100E48D11 /* en */,
			);
			name = InfoPlist.strings;
			sourceTree = "<group>";
		};
/* End PBXVariantGroup section */

/* Begin XCBuildConfiguration section */
		78A36DBD140D1EB100E48D11 /* Debug */ = {
			isa = XCBuildConfiguration;
			buildSettings = {
				ALWAYS_SEARCH_USER_PATHS = NO;
				ARCHS = "$(ARCHS_STANDARD_64_BIT)";
				CLANG_ENABLE_OBJC_ARC = YES;
				CLANG_WARN_CONSTANT_CONVERSION = YES;
				CLANG_WARN_ENUM_CONVERSION = YES;
				CLANG_WARN_INT_CONVERSION = YES;
				CLANG_WARN__DUPLICATE_METHOD_MATCH = YES;
				COPY_PHASE_STRIP = NO;
				CURRENT_PROJECT_VERSION = 76.25;
				GCC_C_LANGUAGE_STANDARD = gnu99;
				GCC_DYNAMIC_NO_PIC = NO;
				GCC_ENABLE_OBJC_EXCEPTIONS = YES;
				GCC_OPTIMIZATION_LEVEL = 0;
				GCC_PREPROCESSOR_DEFINITIONS = (
					"DEBUG=1",
					"$(inherited)",
				);
				GCC_SYMBOLS_PRIVATE_EXTERN = NO;
				GCC_VERSION = com.apple.compilers.llvm.clang.1_0;
				GCC_WARN_64_TO_32_BIT_CONVERSION = YES;
				GCC_WARN_ABOUT_MISSING_PROTOTYPES = YES;
				GCC_WARN_ABOUT_RETURN_TYPE = YES;
				GCC_WARN_UNINITIALIZED_AUTOS = YES;
				GCC_WARN_UNUSED_VARIABLE = YES;
				MACOSX_DEPLOYMENT_TARGET = 10.7;
				ONLY_ACTIVE_ARCH = YES;
				SDKROOT = macosx;
				VERSIONING_SYSTEM = "apple-generic";
				VERSION_INFO_PREFIX = k;
			};
			name = Debug;
		};
		78A36DBE140D1EB100E48D11 /* Release */ = {
			isa = XCBuildConfiguration;
			buildSettings = {
				ALWAYS_SEARCH_USER_PATHS = NO;
				ARCHS = "$(ARCHS_STANDARD_64_BIT)";
				CLANG_ENABLE_OBJC_ARC = YES;
				CLANG_WARN_CONSTANT_CONVERSION = YES;
				CLANG_WARN_ENUM_CONVERSION = YES;
				CLANG_WARN_INT_CONVERSION = YES;
				CLANG_WARN__DUPLICATE_METHOD_MATCH = YES;
				COPY_PHASE_STRIP = YES;
				CURRENT_PROJECT_VERSION = 76.25;
				DEBUG_INFORMATION_FORMAT = "dwarf-with-dsym";
				GCC_C_LANGUAGE_STANDARD = gnu99;
				GCC_ENABLE_OBJC_EXCEPTIONS = YES;
				GCC_VERSION = com.apple.compilers.llvm.clang.1_0;
				GCC_WARN_64_TO_32_BIT_CONVERSION = YES;
				GCC_WARN_ABOUT_MISSING_PROTOTYPES = YES;
				GCC_WARN_ABOUT_RETURN_TYPE = YES;
				GCC_WARN_UNINITIALIZED_AUTOS = YES;
				GCC_WARN_UNUSED_VARIABLE = YES;
				MACOSX_DEPLOYMENT_TARGET = 10.7;
				SDKROOT = macosx;
				VERSIONING_SYSTEM = "apple-generic";
				VERSION_INFO_PREFIX = k;
			};
			name = Release;
		};
		78A36DC0140D1EB100E48D11 /* Debug */ = {
			isa = XCBuildConfiguration;
			buildSettings = {
				COMBINE_HIDPI_IMAGES = YES;
				DYLIB_COMPATIBILITY_VERSION = 1;
				DYLIB_CURRENT_VERSION = 76.25;
				DYLIB_INSTALL_NAME_BASE = "@executable_path/../Frameworks/ObjectiveRails.framework/Versions/Current/Frameworks";
				FRAMEWORK_VERSION = A;
				GCC_PRECOMPILE_PREFIX_HEADER = YES;
				GCC_PREFIX_HEADER = "ActiveModel/ActiveModel-Prefix.pch";
				INFOPLIST_FILE = "ActiveModel/ActiveModel-Info.plist";
				PRODUCT_NAME = ActiveModel;
				WRAPPER_EXTENSION = framework;
			};
			name = Debug;
		};
		78A36DC1140D1EB100E48D11 /* Release */ = {
			isa = XCBuildConfiguration;
			buildSettings = {
				COMBINE_HIDPI_IMAGES = YES;
				DYLIB_COMPATIBILITY_VERSION = 1;
				DYLIB_CURRENT_VERSION = 76.25;
				DYLIB_INSTALL_NAME_BASE = "@executable_path/../Frameworks/ObjectiveRails.framework/Versions/Current/Frameworks";
				FRAMEWORK_VERSION = A;
				GCC_PRECOMPILE_PREFIX_HEADER = YES;
				GCC_PREFIX_HEADER = "ActiveModel/ActiveModel-Prefix.pch";
				INFOPLIST_FILE = "ActiveModel/ActiveModel-Info.plist";
				PRODUCT_NAME = ActiveModel;
				WRAPPER_EXTENSION = framework;
			};
			name = Release;
		};
		78A36DC3140D1EB100E48D11 /* Debug */ = {
			isa = XCBuildConfiguration;
			buildSettings = {
				COMBINE_HIDPI_IMAGES = YES;
				FRAMEWORK_SEARCH_PATHS = "$(DEVELOPER_LIBRARY_DIR)/Frameworks";
				GCC_PRECOMPILE_PREFIX_HEADER = YES;
				GCC_PREFIX_HEADER = "ActiveModel/ActiveModel-Prefix.pch";
				INFOPLIST_FILE = "ActiveModelTests/ActiveModelTests-Info.plist";
				PRODUCT_NAME = "$(TARGET_NAME)";
				WRAPPER_EXTENSION = octest;
			};
			name = Debug;
		};
		78A36DC4140D1EB100E48D11 /* Release */ = {
			isa = XCBuildConfiguration;
			buildSettings = {
				COMBINE_HIDPI_IMAGES = YES;
				FRAMEWORK_SEARCH_PATHS = "$(DEVELOPER_LIBRARY_DIR)/Frameworks";
				GCC_PRECOMPILE_PREFIX_HEADER = YES;
				GCC_PREFIX_HEADER = "ActiveModel/ActiveModel-Prefix.pch";
				INFOPLIST_FILE = "ActiveModelTests/ActiveModelTests-Info.plist";
				PRODUCT_NAME = "$(TARGET_NAME)";
				WRAPPER_EXTENSION = octest;
			};
			name = Release;
		};
/* End XCBuildConfiguration section */

/* Begin XCConfigurationList section */
		78A36D8D140D1EB000E48D11 /* Build configuration list for PBXProject "ActiveModelKit" */ = {
			isa = XCConfigurationList;
			buildConfigurations = (
				78A36DBD140D1EB100E48D11 /* Debug */,
				78A36DBE140D1EB100E48D11 /* Release */,
			);
			defaultConfigurationIsVisible = 0;
			defaultConfigurationName = Release;
		};
		78A36DBF140D1EB100E48D11 /* Build configuration list for PBXNativeTarget "ActiveModel" */ = {
			isa = XCConfigurationList;
			buildConfigurations = (
				78A36DC0140D1EB100E48D11 /* Debug */,
				78A36DC1140D1EB100E48D11 /* Release */,
			);
			defaultConfigurationIsVisible = 0;
			defaultConfigurationName = Release;
		};
		78A36DC2140D1EB100E48D11 /* Build configuration list for PBXNativeTarget "ActiveModelTests" */ = {
			isa = XCConfigurationList;
			buildConfigurations = (
				78A36DC3140D1EB100E48D11 /* Debug */,
				78A36DC4140D1EB100E48D11 /* Release */,
			);
			defaultConfigurationIsVisible = 0;
			defaultConfigurationName = Release;
		};
/* End XCConfigurationList section */
	};
	rootObject = 78A36D8A140D1EB000E48D11 /* Project object */;
}
